// !$*UTF8*$!
{
	archiveVersion = 1;
	classes = {
	};
	objectVersion = 46;
	objects = {

/* Begin PBXBuildFile section */
		12E8D4C61DFF43F6006BE516 /* AppDelegate.swift in Sources */ = {isa = PBXBuildFile; fileRef = 12E8D4C51DFF43F6006BE516 /* AppDelegate.swift */; };
		12E8D4CB1DFF43F6006BE516 /* Main.storyboard in Resources */ = {isa = PBXBuildFile; fileRef = 12E8D4C91DFF43F6006BE516 /* Main.storyboard */; };
		12E8D4CE1DFF43F6006BE516 /* threeNINETY.xcdatamodeld in Sources */ = {isa = PBXBuildFile; fileRef = 12E8D4CC1DFF43F6006BE516 /* threeNINETY.xcdatamodeld */; };
		12E8D4D01DFF43F6006BE516 /* Assets.xcassets in Resources */ = {isa = PBXBuildFile; fileRef = 12E8D4CF1DFF43F6006BE516 /* Assets.xcassets */; };
		12E8D4D31DFF43F6006BE516 /* LaunchScreen.storyboard in Resources */ = {isa = PBXBuildFile; fileRef = 12E8D4D11DFF43F6006BE516 /* LaunchScreen.storyboard */; };
		12E8D4E21DFF491D006BE516 /* SWRevealViewController.m in Sources */ = {isa = PBXBuildFile; fileRef = 12E8D4E11DFF491D006BE516 /* SWRevealViewController.m */; };
		12E8D4E41DFF4974006BE516 /* MenuVC.swift in Sources */ = {isa = PBXBuildFile; fileRef = 12E8D4E31DFF4974006BE516 /* MenuVC.swift */; };
		12E8D4E61DFF4992006BE516 /* HabitTrackerVC.swift in Sources */ = {isa = PBXBuildFile; fileRef = 12E8D4E51DFF4992006BE516 /* HabitTrackerVC.swift */; };
		12E8D4E81DFF49A6006BE516 /* HelpVC.swift in Sources */ = {isa = PBXBuildFile; fileRef = 12E8D4E71DFF49A6006BE516 /* HelpVC.swift */; };
		12E8D4EA1DFF49B5006BE516 /* AboutVC.swift in Sources */ = {isa = PBXBuildFile; fileRef = 12E8D4E91DFF49B5006BE516 /* AboutVC.swift */; };
		12E8D4EC1DFF49F9006BE516 /* HabitDetailsVC.swift in Sources */ = {isa = PBXBuildFile; fileRef = 12E8D4EB1DFF49F9006BE516 /* HabitDetailsVC.swift */; };
		12E8D4EE1DFF4A0C006BE516 /* HabitListVC.swift in Sources */ = {isa = PBXBuildFile; fileRef = 12E8D4ED1DFF4A0C006BE516 /* HabitListVC.swift */; };
		12E8D4F21DFF4A99006BE516 /* PageSwipeVC.swift in Sources */ = {isa = PBXBuildFile; fileRef = 12E8D4F11DFF4A99006BE516 /* PageSwipeVC.swift */; };
		12E8D4FA1DFF609D006BE516 /* CONSTANTS.swift in Sources */ = {isa = PBXBuildFile; fileRef = 12E8D4F91DFF609D006BE516 /* CONSTANTS.swift */; };
		12E8D4FD1DFF60DF006BE516 /* menuButtonIsPressed.swift in Sources */ = {isa = PBXBuildFile; fileRef = 12E8D4FC1DFF60DF006BE516 /* menuButtonIsPressed.swift */; };
		12E8D4FF1DFF7F85006BE516 /* HabitListCell.swift in Sources */ = {isa = PBXBuildFile; fileRef = 12E8D4FE1DFF7F85006BE516 /* HabitListCell.swift */; };
		12E8D5011DFF80D0006BE516 /* CircleButtons.swift in Sources */ = {isa = PBXBuildFile; fileRef = 12E8D5001DFF80D0006BE516 /* CircleButtons.swift */; };
/* End PBXBuildFile section */

/* Begin PBXFileReference section */
		12E8D4C21DFF43F6006BE516 /* threeNINETY.app */ = {isa = PBXFileReference; explicitFileType = wrapper.application; includeInIndex = 0; path = threeNINETY.app; sourceTree = BUILT_PRODUCTS_DIR; };
		12E8D4C51DFF43F6006BE516 /* AppDelegate.swift */ = {isa = PBXFileReference; lastKnownFileType = sourcecode.swift; path = AppDelegate.swift; sourceTree = "<group>"; };
		12E8D4CA1DFF43F6006BE516 /* Base */ = {isa = PBXFileReference; lastKnownFileType = file.storyboard; name = Base; path = Base.lproj/Main.storyboard; sourceTree = "<group>"; };
		12E8D4CD1DFF43F6006BE516 /* threeNINETY.xcdatamodel */ = {isa = PBXFileReference; lastKnownFileType = wrapper.xcdatamodel; path = threeNINETY.xcdatamodel; sourceTree = "<group>"; };
		12E8D4CF1DFF43F6006BE516 /* Assets.xcassets */ = {isa = PBXFileReference; lastKnownFileType = folder.assetcatalog; path = Assets.xcassets; sourceTree = "<group>"; };
		12E8D4D21DFF43F6006BE516 /* Base */ = {isa = PBXFileReference; lastKnownFileType = file.storyboard; name = Base; path = Base.lproj/LaunchScreen.storyboard; sourceTree = "<group>"; };
		12E8D4D41DFF43F6006BE516 /* Info.plist */ = {isa = PBXFileReference; lastKnownFileType = text.plist.xml; path = Info.plist; sourceTree = "<group>"; };
		12E8D4DF1DFF491C006BE516 /* threeNINETY-Bridging-Header.h */ = {isa = PBXFileReference; lastKnownFileType = sourcecode.c.h; path = "threeNINETY-Bridging-Header.h"; sourceTree = "<group>"; };
		12E8D4E01DFF491D006BE516 /* SWRevealViewController.h */ = {isa = PBXFileReference; fileEncoding = 4; lastKnownFileType = sourcecode.c.h; path = SWRevealViewController.h; sourceTree = "<group>"; };
		12E8D4E11DFF491D006BE516 /* SWRevealViewController.m */ = {isa = PBXFileReference; fileEncoding = 4; lastKnownFileType = sourcecode.c.objc; path = SWRevealViewController.m; sourceTree = "<group>"; };
		12E8D4E31DFF4974006BE516 /* MenuVC.swift */ = {isa = PBXFileReference; fileEncoding = 4; lastKnownFileType = sourcecode.swift; path = MenuVC.swift; sourceTree = "<group>"; };
		12E8D4E51DFF4992006BE516 /* HabitTrackerVC.swift */ = {isa = PBXFileReference; fileEncoding = 4; lastKnownFileType = sourcecode.swift; path = HabitTrackerVC.swift; sourceTree = "<group>"; };
		12E8D4E71DFF49A6006BE516 /* HelpVC.swift */ = {isa = PBXFileReference; fileEncoding = 4; lastKnownFileType = sourcecode.swift; path = HelpVC.swift; sourceTree = "<group>"; };
		12E8D4E91DFF49B5006BE516 /* AboutVC.swift */ = {isa = PBXFileReference; fileEncoding = 4; lastKnownFileType = sourcecode.swift; path = AboutVC.swift; sourceTree = "<group>"; };
		12E8D4EB1DFF49F9006BE516 /* HabitDetailsVC.swift */ = {isa = PBXFileReference; fileEncoding = 4; lastKnownFileType = sourcecode.swift; path = HabitDetailsVC.swift; sourceTree = "<group>"; };
		12E8D4ED1DFF4A0C006BE516 /* HabitListVC.swift */ = {isa = PBXFileReference; fileEncoding = 4; lastKnownFileType = sourcecode.swift; path = HabitListVC.swift; sourceTree = "<group>"; };
		12E8D4F11DFF4A99006BE516 /* PageSwipeVC.swift */ = {isa = PBXFileReference; fileEncoding = 4; lastKnownFileType = sourcecode.swift; path = PageSwipeVC.swift; sourceTree = "<group>"; };
		12E8D4F91DFF609D006BE516 /* CONSTANTS.swift */ = {isa = PBXFileReference; fileEncoding = 4; lastKnownFileType = sourcecode.swift; path = CONSTANTS.swift; sourceTree = "<group>"; };
		12E8D4FC1DFF60DF006BE516 /* menuButtonIsPressed.swift */ = {isa = PBXFileReference; fileEncoding = 4; lastKnownFileType = sourcecode.swift; path = menuButtonIsPressed.swift; sourceTree = "<group>"; };
		12E8D4FE1DFF7F85006BE516 /* HabitListCell.swift */ = {isa = PBXFileReference; fileEncoding = 4; lastKnownFileType = sourcecode.swift; path = HabitListCell.swift; sourceTree = "<group>"; };
		12E8D5001DFF80D0006BE516 /* CircleButtons.swift */ = {isa = PBXFileReference; fileEncoding = 4; lastKnownFileType = sourcecode.swift; path = CircleButtons.swift; sourceTree = "<group>"; };
/* End PBXFileReference section */

/* Begin PBXFrameworksBuildPhase section */
		12E8D4BF1DFF43F6006BE516 /* Frameworks */ = {
			isa = PBXFrameworksBuildPhase;
			buildActionMask = 2147483647;
			files = (
			);
			runOnlyForDeploymentPostprocessing = 0;
		};
/* End PBXFrameworksBuildPhase section */

/* Begin PBXGroup section */
		12E8D4B91DFF43F6006BE516 = {
			isa = PBXGroup;
			children = (
				12E8D4C41DFF43F6006BE516 /* threeNINETY */,
				12E8D4C31DFF43F6006BE516 /* Products */,
			);
			sourceTree = "<group>";
		};
		12E8D4C31DFF43F6006BE516 /* Products */ = {
			isa = PBXGroup;
			children = (
				12E8D4C21DFF43F6006BE516 /* threeNINETY.app */,
			);
			name = Products;
			sourceTree = "<group>";
		};
		12E8D4C41DFF43F6006BE516 /* threeNINETY */ = {
			isa = PBXGroup;
			children = (
				12E8D4DA1DFF475E006BE516 /* Model */,
				12E8D4DB1DFF4764006BE516 /* View */,
				12E8D4DC1DFF4768006BE516 /* Controller */,
				12E8D4DD1DFF476E006BE516 /* Resources */,
				12E8D4C51DFF43F6006BE516 /* AppDelegate.swift */,
				12E8D4C91DFF43F6006BE516 /* Main.storyboard */,
				12E8D4CF1DFF43F6006BE516 /* Assets.xcassets */,
				12E8D4D11DFF43F6006BE516 /* LaunchScreen.storyboard */,
				12E8D4D41DFF43F6006BE516 /* Info.plist */,
				12E8D4CC1DFF43F6006BE516 /* threeNINETY.xcdatamodeld */,
			);
			path = threeNINETY;
			sourceTree = "<group>";
		};
		12E8D4DA1DFF475E006BE516 /* Model */ = {
			isa = PBXGroup;
			children = (
				12E8D4F91DFF609D006BE516 /* CONSTANTS.swift */,
			);
			name = Model;
			sourceTree = "<group>";
		};
		12E8D4DB1DFF4764006BE516 /* View */ = {
			isa = PBXGroup;
			children = (
			);
			name = View;
			sourceTree = "<group>";
		};
		12E8D4DC1DFF4768006BE516 /* Controller */ = {
			isa = PBXGroup;
			children = (
				12E8D4FB1DFF60C4006BE516 /* UI Controllers */,
				12E8D4EF1DFF4A1C006BE516 /* Main App Screens */,
				12E8D4F01DFF4A31006BE516 /* Secondary App Screens */,
			);
			name = Controller;
			sourceTree = "<group>";
		};
		12E8D4DD1DFF476E006BE516 /* Resources */ = {
			isa = PBXGroup;
			children = (
				12E8D4DE1DFF477D006BE516 /* SWRevealController */,
			);
			name = Resources;
			sourceTree = "<group>";
		};
		12E8D4DE1DFF477D006BE516 /* SWRevealController */ = {
			isa = PBXGroup;
			children = (
				12E8D4E01DFF491D006BE516 /* SWRevealViewController.h */,
				12E8D4E11DFF491D006BE516 /* SWRevealViewController.m */,
				12E8D4DF1DFF491C006BE516 /* threeNINETY-Bridging-Header.h */,
			);
			name = SWRevealController;
			sourceTree = "<group>";
		};
		12E8D4EF1DFF4A1C006BE516 /* Main App Screens */ = {
			isa = PBXGroup;
			children = (
				12E8D4E51DFF4992006BE516 /* HabitTrackerVC.swift */,
				12E8D4ED1DFF4A0C006BE516 /* HabitListVC.swift */,
				12E8D4EB1DFF49F9006BE516 /* HabitDetailsVC.swift */,
				12E8D4FE1DFF7F85006BE516 /* HabitListCell.swift */,
			);
			name = "Main App Screens";
			sourceTree = "<group>";
		};
		12E8D4F01DFF4A31006BE516 /* Secondary App Screens */ = {
			isa = PBXGroup;
			children = (
				12E8D4E91DFF49B5006BE516 /* AboutVC.swift */,
				12E8D4E71DFF49A6006BE516 /* HelpVC.swift */,
				12E8D4E31DFF4974006BE516 /* MenuVC.swift */,
				12E8D4F11DFF4A99006BE516 /* PageSwipeVC.swift */,
			);
			name = "Secondary App Screens";
			sourceTree = "<group>";
		};
		12E8D4FB1DFF60C4006BE516 /* UI Controllers */ = {
			isa = PBXGroup;
			children = (
				12E8D4FC1DFF60DF006BE516 /* menuButtonIsPressed.swift */,
				12E8D5001DFF80D0006BE516 /* CircleButtons.swift */,
			);
			name = "UI Controllers";
			sourceTree = "<group>";
		};
/* End PBXGroup section */

/* Begin PBXNativeTarget section */
		12E8D4C11DFF43F6006BE516 /* threeNINETY */ = {
			isa = PBXNativeTarget;
			buildConfigurationList = 12E8D4D71DFF43F6006BE516 /* Build configuration list for PBXNativeTarget "threeNINETY" */;
			buildPhases = (
				12E8D4BE1DFF43F6006BE516 /* Sources */,
				12E8D4BF1DFF43F6006BE516 /* Frameworks */,
				12E8D4C01DFF43F6006BE516 /* Resources */,
			);
			buildRules = (
			);
			dependencies = (
			);
			name = threeNINETY;
			productName = threeNINETY;
			productReference = 12E8D4C21DFF43F6006BE516 /* threeNINETY.app */;
			productType = "com.apple.product-type.application";
		};
/* End PBXNativeTarget section */

/* Begin PBXProject section */
		12E8D4BA1DFF43F6006BE516 /* Project object */ = {
			isa = PBXProject;
			attributes = {
				LastSwiftUpdateCheck = 0810;
				LastUpgradeCheck = 0810;
				ORGANIZATIONNAME = "ACME Labs";
				TargetAttributes = {
					12E8D4C11DFF43F6006BE516 = {
						CreatedOnToolsVersion = 8.1;
						DevelopmentTeam = 8DD4C7KK4P;
						LastSwiftMigration = 0810;
						ProvisioningStyle = Automatic;
					};
				};
			};
			buildConfigurationList = 12E8D4BD1DFF43F6006BE516 /* Build configuration list for PBXProject "threeNINETY" */;
			compatibilityVersion = "Xcode 3.2";
			developmentRegion = English;
			hasScannedForEncodings = 0;
			knownRegions = (
				en,
				Base,
			);
			mainGroup = 12E8D4B91DFF43F6006BE516;
			productRefGroup = 12E8D4C31DFF43F6006BE516 /* Products */;
			projectDirPath = "";
			projectRoot = "";
			targets = (
				12E8D4C11DFF43F6006BE516 /* threeNINETY */,
			);
		};
/* End PBXProject section */

/* Begin PBXResourcesBuildPhase section */
		12E8D4C01DFF43F6006BE516 /* Resources */ = {
			isa = PBXResourcesBuildPhase;
			buildActionMask = 2147483647;
			files = (
				12E8D4D31DFF43F6006BE516 /* LaunchScreen.storyboard in Resources */,
				12E8D4D01DFF43F6006BE516 /* Assets.xcassets in Resources */,
				12E8D4CB1DFF43F6006BE516 /* Main.storyboard in Resources */,
			);
			runOnlyForDeploymentPostprocessing = 0;
		};
/* End PBXResourcesBuildPhase section */

/* Begin PBXSourcesBuildPhase section */
		12E8D4BE1DFF43F6006BE516 /* Sources */ = {
			isa = PBXSourcesBuildPhase;
			buildActionMask = 2147483647;
			files = (
				12E8D4EA1DFF49B5006BE516 /* AboutVC.swift in Sources */,
				12E8D4CE1DFF43F6006BE516 /* threeNINETY.xcdatamodeld in Sources */,
				12E8D4E41DFF4974006BE516 /* MenuVC.swift in Sources */,
				12E8D4FD1DFF60DF006BE516 /* menuButtonIsPressed.swift in Sources */,
				12E8D4FF1DFF7F85006BE516 /* HabitListCell.swift in Sources */,
				12E8D4C61DFF43F6006BE516 /* AppDelegate.swift in Sources */,
				12E8D4F21DFF4A99006BE516 /* PageSwipeVC.swift in Sources */,
				12E8D4E81DFF49A6006BE516 /* HelpVC.swift in Sources */,
				12E8D4E21DFF491D006BE516 /* SWRevealViewController.m in Sources */,
				12E8D5011DFF80D0006BE516 /* CircleButtons.swift in Sources */,
				12E8D4FA1DFF609D006BE516 /* CONSTANTS.swift in Sources */,
				12E8D4EC1DFF49F9006BE516 /* HabitDetailsVC.swift in Sources */,
				12E8D4EE1DFF4A0C006BE516 /* HabitListVC.swift in Sources */,
				12E8D4E61DFF4992006BE516 /* HabitTrackerVC.swift in Sources */,
			);
			runOnlyForDeploymentPostprocessing = 0;
		};
/* End PBXSourcesBuildPhase section */

/* Begin PBXVariantGroup section */
		12E8D4C91DFF43F6006BE516 /* Main.storyboard */ = {
			isa = PBXVariantGroup;
			children = (
				12E8D4CA1DFF43F6006BE516 /* Base */,
			);
			name = Main.storyboard;
			sourceTree = "<group>";
		};
		12E8D4D11DFF43F6006BE516 /* LaunchScreen.storyboard */ = {
			isa = PBXVariantGroup;
			children = (
				12E8D4D21DFF43F6006BE516 /* Base */,
			);
			name = LaunchScreen.storyboard;
			sourceTree = "<group>";
		};
/* End PBXVariantGroup section */

/* Begin XCBuildConfiguration section */
		12E8D4D51DFF43F6006BE516 /* Debug */ = {
			isa = XCBuildConfiguration;
			buildSettings = {
				ALWAYS_SEARCH_USER_PATHS = NO;
				CLANG_ANALYZER_NONNULL = YES;
				CLANG_CXX_LANGUAGE_STANDARD = "gnu++0x";
				CLANG_CXX_LIBRARY = "libc++";
				CLANG_ENABLE_MODULES = YES;
				CLANG_ENABLE_OBJC_ARC = YES;
				CLANG_WARN_BOOL_CONVERSION = YES;
				CLANG_WARN_CONSTANT_CONVERSION = YES;
				CLANG_WARN_DIRECT_OBJC_ISA_USAGE = YES_ERROR;
				CLANG_WARN_DOCUMENTATION_COMMENTS = YES;
				CLANG_WARN_EMPTY_BODY = YES;
				CLANG_WARN_ENUM_CONVERSION = YES;
				CLANG_WARN_INFINITE_RECURSION = YES;
				CLANG_WARN_INT_CONVERSION = YES;
				CLANG_WARN_OBJC_ROOT_CLASS = YES_ERROR;
				CLANG_WARN_SUSPICIOUS_MOVES = YES;
				CLANG_WARN_UNREACHABLE_CODE = YES;
				CLANG_WARN__DUPLICATE_METHOD_MATCH = YES;
				"CODE_SIGN_IDENTITY[sdk=iphoneos*]" = "iPhone Developer";
				COPY_PHASE_STRIP = NO;
				DEBUG_INFORMATION_FORMAT = dwarf;
				ENABLE_STRICT_OBJC_MSGSEND = YES;
				ENABLE_TESTABILITY = YES;
				GCC_C_LANGUAGE_STANDARD = gnu99;
				GCC_DYNAMIC_NO_PIC = NO;
				GCC_NO_COMMON_BLOCKS = YES;
				GCC_OPTIMIZATION_LEVEL = 0;
				GCC_PREPROCESSOR_DEFINITIONS = (
					"DEBUG=1",
					"$(inherited)",
				);
				GCC_WARN_64_TO_32_BIT_CONVERSION = YES;
				GCC_WARN_ABOUT_RETURN_TYPE = YES_ERROR;
				GCC_WARN_UNDECLARED_SELECTOR = YES;
				GCC_WARN_UNINITIALIZED_AUTOS = YES_AGGRESSIVE;
				GCC_WARN_UNUSED_FUNCTION = YES;
				GCC_WARN_UNUSED_VARIABLE = YES;
				IPHONEOS_DEPLOYMENT_TARGET = 10.1;
				MTL_ENABLE_DEBUG_INFO = YES;
				ONLY_ACTIVE_ARCH = YES;
				SDKROOT = iphoneos;
				SWIFT_ACTIVE_COMPILATION_CONDITIONS = DEBUG;
				SWIFT_OPTIMIZATION_LEVEL = "-Onone";
				TARGETED_DEVICE_FAMILY = "1,2";
			};
			name = Debug;
		};
		12E8D4D61DFF43F6006BE516 /* Release */ = {
			isa = XCBuildConfiguration;
			buildSettings = {
				ALWAYS_SEARCH_USER_PATHS = NO;
				CLANG_ANALYZER_NONNULL = YES;
				CLANG_CXX_LANGUAGE_STANDARD = "gnu++0x";
				CLANG_CXX_LIBRARY = "libc++";
				CLANG_ENABLE_MODULES = YES;
				CLANG_ENABLE_OBJC_ARC = YES;
				CLANG_WARN_BOOL_CONVERSION = YES;
				CLANG_WARN_CONSTANT_CONVERSION = YES;
				CLANG_WARN_DIRECT_OBJC_ISA_USAGE = YES_ERROR;
				CLANG_WARN_DOCUMENTATION_COMMENTS = YES;
				CLANG_WARN_EMPTY_BODY = YES;
				CLANG_WARN_ENUM_CONVERSION = YES;
				CLANG_WARN_INFINITE_RECURSION = YES;
				CLANG_WARN_INT_CONVERSION = YES;
				CLANG_WARN_OBJC_ROOT_CLASS = YES_ERROR;
				CLANG_WARN_SUSPICIOUS_MOVES = YES;
				CLANG_WARN_UNREACHABLE_CODE = YES;
				CLANG_WARN__DUPLICATE_METHOD_MATCH = YES;
				"CODE_SIGN_IDENTITY[sdk=iphoneos*]" = "iPhone Developer";
				COPY_PHASE_STRIP = NO;
				DEBUG_INFORMATION_FORMAT = "dwarf-with-dsym";
				ENABLE_NS_ASSERTIONS = NO;
				ENABLE_STRICT_OBJC_MSGSEND = YES;
				GCC_C_LANGUAGE_STANDARD = gnu99;
				GCC_NO_COMMON_BLOCKS = YES;
				GCC_WARN_64_TO_32_BIT_CONVERSION = YES;
				GCC_WARN_ABOUT_RETURN_TYPE = YES_ERROR;
				GCC_WARN_UNDECLARED_SELECTOR = YES;
				GCC_WARN_UNINITIALIZED_AUTOS = YES_AGGRESSIVE;
				GCC_WARN_UNUSED_FUNCTION = YES;
				GCC_WARN_UNUSED_VARIABLE = YES;
				IPHONEOS_DEPLOYMENT_TARGET = 10.1;
				MTL_ENABLE_DEBUG_INFO = NO;
				SDKROOT = iphoneos;
				SWIFT_OPTIMIZATION_LEVEL = "-Owholemodule";
				TARGETED_DEVICE_FAMILY = "1,2";
				VALIDATE_PRODUCT = YES;
			};
			name = Release;
		};
		12E8D4D81DFF43F6006BE516 /* Debug */ = {
			isa = XCBuildConfiguration;
			buildSettings = {
				ASSETCATALOG_COMPILER_APPICON_NAME = AppIcon;
				CLANG_ENABLE_MODULES = YES;
				DEVELOPMENT_TEAM = 8DD4C7KK4P;
				INFOPLIST_FILE = threeNINETY/Info.plist;
				LD_RUNPATH_SEARCH_PATHS = "$(inherited) @executable_path/Frameworks";
				PRODUCT_BUNDLE_IDENTIFIER = com.acmelabs.threeNINETY;
				PRODUCT_NAME = "$(TARGET_NAME)";
				SWIFT_OBJC_BRIDGING_HEADER = "threeNINETY/threeNINETY-Bridging-Header.h";
				SWIFT_OPTIMIZATION_LEVEL = "-Onone";
				SWIFT_VERSION = 3.0;
				TARGETED_DEVICE_FAMILY = 1;
			};
			name = Debug;
		};
		12E8D4D91DFF43F6006BE516 /* Release */ = {
			isa = XCBuildConfiguration;
			buildSettings = {
				ASSETCATALOG_COMPILER_APPICON_NAME = AppIcon;
				CLANG_ENABLE_MODULES = YES;
				DEVELOPMENT_TEAM = 8DD4C7KK4P;
				INFOPLIST_FILE = threeNINETY/Info.plist;
				LD_RUNPATH_SEARCH_PATHS = "$(inherited) @executable_path/Frameworks";
				PRODUCT_BUNDLE_IDENTIFIER = com.acmelabs.threeNINETY;
				PRODUCT_NAME = "$(TARGET_NAME)";
				SWIFT_OBJC_BRIDGING_HEADER = "threeNINETY/threeNINETY-Bridging-Header.h";
				SWIFT_VERSION = 3.0;
				TARGETED_DEVICE_FAMILY = 1;
			};
			name = Release;
		};
/* End XCBuildConfiguration section */

/* Begin XCConfigurationList section */
		12E8D4BD1DFF43F6006BE516 /* Build configuration list for PBXProject "threeNINETY" */ = {
			isa = XCConfigurationList;
			buildConfigurations = (
				12E8D4D51DFF43F6006BE516 /* Debug */,
				12E8D4D61DFF43F6006BE516 /* Release */,
			);
			defaultConfigurationIsVisible = 0;
			defaultConfigurationName = Release;
		};
		12E8D4D71DFF43F6006BE516 /* Build configuration list for PBXNativeTarget "threeNINETY" */ = {
			isa = XCConfigurationList;
			buildConfigurations = (
				12E8D4D81DFF43F6006BE516 /* Debug */,
				12E8D4D91DFF43F6006BE516 /* Release */,
			);
			defaultConfigurationIsVisible = 0;
			defaultConfigurationName = Release;
		};
/* End XCConfigurationList section */

/* Begin XCVersionGroup section */
		12E8D4CC1DFF43F6006BE516 /* threeNINETY.xcdatamodeld */ = {
			isa = XCVersionGroup;
			children = (
				12E8D4CD1DFF43F6006BE516 /* threeNINETY.xcdatamodel */,
			);
			currentVersion = 12E8D4CD1DFF43F6006BE516 /* threeNINETY.xcdatamodel */;
			path = threeNINETY.xcdatamodeld;
			sourceTree = "<group>";
			versionGroupType = wrapper.xcdatamodel;
		};
/* End XCVersionGroup section */
	};
	rootObject = 12E8D4BA1DFF43F6006BE516 /* Project object */;
}
